// !$*UTF8*$!
{
	archiveVersion = 1;
	classes = {
	};
	objectVersion = 46;
	objects = {

/* Begin PBXBuildFile section */
		6ED06DBD608E4E644E80D686 /* Pods_meatme.framework in Frameworks */ = {isa = PBXBuildFile; fileRef = 0C18E85BB6CD38A2B2CAB207 /* Pods_meatme.framework */; };
		D00D30241DD997AA00275ADC /* SecectImageController.swift in Sources */ = {isa = PBXBuildFile; fileRef = D00D30231DD997AA00275ADC /* SecectImageController.swift */; };
		D025D65F1DD4B65300025F27 /* forumListCell.swift in Sources */ = {isa = PBXBuildFile; fileRef = D025D65E1DD4B65300025F27 /* forumListCell.swift */; };
		D025D6641DD4BAC500025F27 /* forumListController.swift in Sources */ = {isa = PBXBuildFile; fileRef = D025D6631DD4BAC500025F27 /* forumListController.swift */; };
		D02AA1621DD0CAE400BF1B09 /* newSiteCell.swift in Sources */ = {isa = PBXBuildFile; fileRef = D02AA1611DD0CAE400BF1B09 /* newSiteCell.swift */; };
		D0592BEE1DDAFB5200D3CEF6 /* NoMeatPageController.swift in Sources */ = {isa = PBXBuildFile; fileRef = D0592BED1DDAFB5200D3CEF6 /* NoMeatPageController.swift */; };
		D07040031DE1BAD7005F2FC1 /* CreateArticleController.swift in Sources */ = {isa = PBXBuildFile; fileRef = D07040021DE1BAD7005F2FC1 /* CreateArticleController.swift */; };
		D0818FCD1DBE49B0002D3DB1 /* AppDelegate.swift in Sources */ = {isa = PBXBuildFile; fileRef = D0818FCC1DBE49B0002D3DB1 /* AppDelegate.swift */; };
		D0818FCF1DBE49B0002D3DB1 /* HotAndNewViewController.swift in Sources */ = {isa = PBXBuildFile; fileRef = D0818FCE1DBE49B0002D3DB1 /* HotAndNewViewController.swift */; };
		D0818FD21DBE49B0002D3DB1 /* Main.storyboard in Resources */ = {isa = PBXBuildFile; fileRef = D0818FD01DBE49B0002D3DB1 /* Main.storyboard */; };
		D0818FD71DBE49B0002D3DB1 /* LaunchScreen.storyboard in Resources */ = {isa = PBXBuildFile; fileRef = D0818FD51DBE49B0002D3DB1 /* LaunchScreen.storyboard */; };
		D0A6754E1DE0829C00AAD912 /* Assets.xcassets in Resources */ = {isa = PBXBuildFile; fileRef = D0A6754D1DE0829C00AAD912 /* Assets.xcassets */; };
		D0DE33151DCEF44E00A3D126 /* hotSiteCell.swift in Sources */ = {isa = PBXBuildFile; fileRef = D0DE33141DCEF44E00A3D126 /* hotSiteCell.swift */; };
		D0EF9A611DD55B0D0060A67B /* forumArticleCell.swift in Sources */ = {isa = PBXBuildFile; fileRef = D0EF9A601DD55B0D0060A67B /* forumArticleCell.swift */; };
		D0EF9A631DD55B720060A67B /* forumArticleCommentCell.swift in Sources */ = {isa = PBXBuildFile; fileRef = D0EF9A621DD55B720060A67B /* forumArticleCommentCell.swift */; };
		D0EF9A651DD567110060A67B /* forumArticleController.swift in Sources */ = {isa = PBXBuildFile; fileRef = D0EF9A641DD567110060A67B /* forumArticleController.swift */; };
		D0EF9A6A1DD6F1C90060A67B /* FindMeatCameraController.swift in Sources */ = {isa = PBXBuildFile; fileRef = D0EF9A691DD6F1C90060A67B /* FindMeatCameraController.swift */; };
		D0F015031DD863200093D5CD /* 多肉植物01.jpg in Resources */ = {isa = PBXBuildFile; fileRef = D0F015021DD863200093D5CD /* 多肉植物01.jpg */; };
/* End PBXBuildFile section */

/* Begin PBXFileReference section */
		0C18E85BB6CD38A2B2CAB207 /* Pods_meatme.framework */ = {isa = PBXFileReference; explicitFileType = wrapper.framework; includeInIndex = 0; path = Pods_meatme.framework; sourceTree = BUILT_PRODUCTS_DIR; };
		8DC04463B6985A398ECDE9AF /* Pods-meatme.release.xcconfig */ = {isa = PBXFileReference; includeInIndex = 1; lastKnownFileType = text.xcconfig; name = "Pods-meatme.release.xcconfig"; path = "Pods/Target Support Files/Pods-meatme/Pods-meatme.release.xcconfig"; sourceTree = "<group>"; };
		94D0D0397DAE8F1E13D6FDC0 /* Pods-meatme.debug.xcconfig */ = {isa = PBXFileReference; includeInIndex = 1; lastKnownFileType = text.xcconfig; name = "Pods-meatme.debug.xcconfig"; path = "Pods/Target Support Files/Pods-meatme/Pods-meatme.debug.xcconfig"; sourceTree = "<group>"; };
		D00D30231DD997AA00275ADC /* SecectImageController.swift */ = {isa = PBXFileReference; fileEncoding = 4; lastKnownFileType = sourcecode.swift; path = SecectImageController.swift; sourceTree = "<group>"; };
		D025D65D1DD49A5900025F27 /* MyPlayground.playground */ = {isa = PBXFileReference; lastKnownFileType = file.playground; path = MyPlayground.playground; sourceTree = "<group>"; };
		D025D65E1DD4B65300025F27 /* forumListCell.swift */ = {isa = PBXFileReference; fileEncoding = 4; lastKnownFileType = sourcecode.swift; path = forumListCell.swift; sourceTree = "<group>"; };
		D025D6631DD4BAC500025F27 /* forumListController.swift */ = {isa = PBXFileReference; fileEncoding = 4; lastKnownFileType = sourcecode.swift; path = forumListController.swift; sourceTree = "<group>"; };
		D02AA1611DD0CAE400BF1B09 /* newSiteCell.swift */ = {isa = PBXFileReference; fileEncoding = 4; lastKnownFileType = sourcecode.swift; path = newSiteCell.swift; sourceTree = "<group>"; };
		D0592BED1DDAFB5200D3CEF6 /* NoMeatPageController.swift */ = {isa = PBXFileReference; fileEncoding = 4; lastKnownFileType = sourcecode.swift; path = NoMeatPageController.swift; sourceTree = "<group>"; };
		D07040021DE1BAD7005F2FC1 /* CreateArticleController.swift */ = {isa = PBXFileReference; fileEncoding = 4; lastKnownFileType = sourcecode.swift; path = CreateArticleController.swift; sourceTree = "<group>"; };
		D0818FC91DBE49B0002D3DB1 /* meatme.app */ = {isa = PBXFileReference; explicitFileType = wrapper.application; includeInIndex = 0; path = meatme.app; sourceTree = BUILT_PRODUCTS_DIR; };
		D0818FCC1DBE49B0002D3DB1 /* AppDelegate.swift */ = {isa = PBXFileReference; lastKnownFileType = sourcecode.swift; path = AppDelegate.swift; sourceTree = "<group>"; };
		D0818FCE1DBE49B0002D3DB1 /* HotAndNewViewController.swift */ = {isa = PBXFileReference; lastKnownFileType = sourcecode.swift; path = HotAndNewViewController.swift; sourceTree = "<group>"; };
		D0818FD11DBE49B0002D3DB1 /* Base */ = {isa = PBXFileReference; lastKnownFileType = file.storyboard; name = Base; path = Base.lproj/Main.storyboard; sourceTree = "<group>"; };
		D0818FD61DBE49B0002D3DB1 /* Base */ = {isa = PBXFileReference; lastKnownFileType = file.storyboard; name = Base; path = Base.lproj/LaunchScreen.storyboard; sourceTree = "<group>"; };
		D0818FD81DBE49B0002D3DB1 /* Info.plist */ = {isa = PBXFileReference; lastKnownFileType = text.plist.xml; path = Info.plist; sourceTree = "<group>"; };
		D0A6754D1DE0829C00AAD912 /* Assets.xcassets */ = {isa = PBXFileReference; lastKnownFileType = folder.assetcatalog; path = Assets.xcassets; sourceTree = "<group>"; };
		D0DE33141DCEF44E00A3D126 /* hotSiteCell.swift */ = {isa = PBXFileReference; fileEncoding = 4; lastKnownFileType = sourcecode.swift; path = hotSiteCell.swift; sourceTree = "<group>"; };
		D0EF9A601DD55B0D0060A67B /* forumArticleCell.swift */ = {isa = PBXFileReference; fileEncoding = 4; lastKnownFileType = sourcecode.swift; path = forumArticleCell.swift; sourceTree = "<group>"; };
		D0EF9A621DD55B720060A67B /* forumArticleCommentCell.swift */ = {isa = PBXFileReference; fileEncoding = 4; lastKnownFileType = sourcecode.swift; path = forumArticleCommentCell.swift; sourceTree = "<group>"; };
		D0EF9A641DD567110060A67B /* forumArticleController.swift */ = {isa = PBXFileReference; fileEncoding = 4; lastKnownFileType = sourcecode.swift; path = forumArticleController.swift; sourceTree = "<group>"; };
		D0EF9A691DD6F1C90060A67B /* FindMeatCameraController.swift */ = {isa = PBXFileReference; fileEncoding = 4; lastKnownFileType = sourcecode.swift; path = FindMeatCameraController.swift; sourceTree = "<group>"; };
		D0F015021DD863200093D5CD /* 多肉植物01.jpg */ = {isa = PBXFileReference; lastKnownFileType = image.jpeg; path = "多肉植物01.jpg"; sourceTree = "<group>"; };
/* End PBXFileReference section */

/* Begin PBXFrameworksBuildPhase section */
		D0818FC61DBE49B0002D3DB1 /* Frameworks */ = {
			isa = PBXFrameworksBuildPhase;
			buildActionMask = 2147483647;
			files = (
				6ED06DBD608E4E644E80D686 /* Pods_meatme.framework in Frameworks */,
			);
			runOnlyForDeploymentPostprocessing = 0;
		};
/* End PBXFrameworksBuildPhase section */

/* Begin PBXGroup section */
		2632A2C56053557A31A6899C /* Pods */ = {
			isa = PBXGroup;
			children = (
				94D0D0397DAE8F1E13D6FDC0 /* Pods-meatme.debug.xcconfig */,
				8DC04463B6985A398ECDE9AF /* Pods-meatme.release.xcconfig */,
			);
			name = Pods;
			sourceTree = "<group>";
		};
		7CDED356D7F0AFA46938E9F8 /* Frameworks */ = {
			isa = PBXGroup;
			children = (
				0C18E85BB6CD38A2B2CAB207 /* Pods_meatme.framework */,
			);
			name = Frameworks;
			sourceTree = "<group>";
		};
		D025D6601DD4B65C00025F27 /* Forum */ = {
			isa = PBXGroup;
			children = (
				D025D65E1DD4B65300025F27 /* forumListCell.swift */,
				D0EF9A601DD55B0D0060A67B /* forumArticleCell.swift */,
				D0EF9A621DD55B720060A67B /* forumArticleCommentCell.swift */,
				D025D6631DD4BAC500025F27 /* forumListController.swift */,
				D0EF9A641DD567110060A67B /* forumArticleController.swift */,
				D07040021DE1BAD7005F2FC1 /* CreateArticleController.swift */,
			);
			name = Forum;
			sourceTree = "<group>";
		};
		D0818FC01DBE49B0002D3DB1 = {
			isa = PBXGroup;
			children = (
				D0818FCB1DBE49B0002D3DB1 /* meatme */,
				D0818FCA1DBE49B0002D3DB1 /* Products */,
				2632A2C56053557A31A6899C /* Pods */,
				7CDED356D7F0AFA46938E9F8 /* Frameworks */,
			);
			sourceTree = "<group>";
		};
		D0818FCA1DBE49B0002D3DB1 /* Products */ = {
			isa = PBXGroup;
			children = (
				D0818FC91DBE49B0002D3DB1 /* meatme.app */,
			);
			name = Products;
			sourceTree = "<group>";
		};
		D0818FCB1DBE49B0002D3DB1 /* meatme */ = {
			isa = PBXGroup;
			children = (
				D0EF9A681DD6F1970060A67B /* FindMeatCamera */,
				D0818FCC1DBE49B0002D3DB1 /* AppDelegate.swift */,
				D025D6601DD4B65C00025F27 /* Forum */,
				D0818FCE1DBE49B0002D3DB1 /* HotAndNewViewController.swift */,
				D0DE33141DCEF44E00A3D126 /* hotSiteCell.swift */,
				D02AA1611DD0CAE400BF1B09 /* newSiteCell.swift */,
				D0818FD01DBE49B0002D3DB1 /* Main.storyboard */,
				D0818FD51DBE49B0002D3DB1 /* LaunchScreen.storyboard */,
				D0A6754D1DE0829C00AAD912 /* Assets.xcassets */,
				D0818FD81DBE49B0002D3DB1 /* Info.plist */,
				D0F015021DD863200093D5CD /* 多肉植物01.jpg */,
				D025D65D1DD49A5900025F27 /* MyPlayground.playground */,
			);
			path = meatme;
			sourceTree = "<group>";
		};
		D0EF9A681DD6F1970060A67B /* FindMeatCamera */ = {
			isa = PBXGroup;
			children = (
				D00D30231DD997AA00275ADC /* SecectImageController.swift */,
				D0592BED1DDAFB5200D3CEF6 /* NoMeatPageController.swift */,
				D0EF9A691DD6F1C90060A67B /* FindMeatCameraController.swift */,
			);
			name = FindMeatCamera;
			sourceTree = "<group>";
		};
/* End PBXGroup section */

/* Begin PBXNativeTarget section */
		D0818FC81DBE49B0002D3DB1 /* meatme */ = {
			isa = PBXNativeTarget;
			buildConfigurationList = D0818FDB1DBE49B0002D3DB1 /* Build configuration list for PBXNativeTarget "meatme" */;
			buildPhases = (
				3BC91390E95FE4E404945217 /* [CP] Check Pods Manifest.lock */,
				D0818FC51DBE49B0002D3DB1 /* Sources */,
				D0818FC61DBE49B0002D3DB1 /* Frameworks */,
				D0818FC71DBE49B0002D3DB1 /* Resources */,
				A39BB34581F7FEAFA43AF6FB /* [CP] Embed Pods Frameworks */,
				4BB8E5FDCC9A6523D827A11F /* [CP] Copy Pods Resources */,
			);
			buildRules = (
			);
			dependencies = (
			);
			name = meatme;
			productName = meatme;
			productReference = D0818FC91DBE49B0002D3DB1 /* meatme.app */;
			productType = "com.apple.product-type.application";
		};
/* End PBXNativeTarget section */

/* Begin PBXProject section */
		D0818FC11DBE49B0002D3DB1 /* Project object */ = {
			isa = PBXProject;
			attributes = {
				LastSwiftUpdateCheck = 0800;
				LastUpgradeCheck = 0810;
				ORGANIZATIONNAME = "Justin Huang";
				TargetAttributes = {
					D0818FC81DBE49B0002D3DB1 = {
						CreatedOnToolsVersion = 8.0;
						DevelopmentTeam = 8H7X36TF25;
						ProvisioningStyle = Automatic;
					};
				};
			};
			buildConfigurationList = D0818FC41DBE49B0002D3DB1 /* Build configuration list for PBXProject "meatme" */;
			compatibilityVersion = "Xcode 3.2";
			developmentRegion = English;
			hasScannedForEncodings = 0;
			knownRegions = (
				en,
				Base,
			);
			mainGroup = D0818FC01DBE49B0002D3DB1;
			productRefGroup = D0818FCA1DBE49B0002D3DB1 /* Products */;
			projectDirPath = "";
			projectRoot = "";
			targets = (
				D0818FC81DBE49B0002D3DB1 /* meatme */,
			);
		};
/* End PBXProject section */

/* Begin PBXResourcesBuildPhase section */
		D0818FC71DBE49B0002D3DB1 /* Resources */ = {
			isa = PBXResourcesBuildPhase;
			buildActionMask = 2147483647;
			files = (
				D0818FD71DBE49B0002D3DB1 /* LaunchScreen.storyboard in Resources */,
				D0818FD21DBE49B0002D3DB1 /* Main.storyboard in Resources */,
				D0F015031DD863200093D5CD /* 多肉植物01.jpg in Resources */,
				D0A6754E1DE0829C00AAD912 /* Assets.xcassets in Resources */,
			);
			runOnlyForDeploymentPostprocessing = 0;
		};
/* End PBXResourcesBuildPhase section */

/* Begin PBXShellScriptBuildPhase section */
		3BC91390E95FE4E404945217 /* [CP] Check Pods Manifest.lock */ = {
			isa = PBXShellScriptBuildPhase;
			buildActionMask = 2147483647;
			files = (
			);
			inputPaths = (
			);
			name = "[CP] Check Pods Manifest.lock";
			outputPaths = (
			);
			runOnlyForDeploymentPostprocessing = 0;
			shellPath = /bin/sh;
			shellScript = "diff \"${PODS_ROOT}/../Podfile.lock\" \"${PODS_ROOT}/Manifest.lock\" > /dev/null\nif [ $? != 0 ] ; then\n    # print error to STDERR\n    echo \"error: The sandbox is not in sync with the Podfile.lock. Run 'pod install' or update your CocoaPods installation.\" >&2\n    exit 1\nfi\n";
			showEnvVarsInLog = 0;
		};
		4BB8E5FDCC9A6523D827A11F /* [CP] Copy Pods Resources */ = {
			isa = PBXShellScriptBuildPhase;
			buildActionMask = 2147483647;
			files = (
			);
			inputPaths = (
			);
			name = "[CP] Copy Pods Resources";
			outputPaths = (
			);
			runOnlyForDeploymentPostprocessing = 0;
			shellPath = /bin/sh;
			shellScript = "\"${SRCROOT}/Pods/Target Support Files/Pods-meatme/Pods-meatme-resources.sh\"\n";
			showEnvVarsInLog = 0;
		};
		A39BB34581F7FEAFA43AF6FB /* [CP] Embed Pods Frameworks */ = {
			isa = PBXShellScriptBuildPhase;
			buildActionMask = 2147483647;
			files = (
			);
			inputPaths = (
			);
			name = "[CP] Embed Pods Frameworks";
			outputPaths = (
			);
			runOnlyForDeploymentPostprocessing = 0;
			shellPath = /bin/sh;
			shellScript = "\"${SRCROOT}/Pods/Target Support Files/Pods-meatme/Pods-meatme-frameworks.sh\"\n";
			showEnvVarsInLog = 0;
		};
/* End PBXShellScriptBuildPhase section */

/* Begin PBXSourcesBuildPhase section */
		D0818FC51DBE49B0002D3DB1 /* Sources */ = {
			isa = PBXSourcesBuildPhase;
			buildActionMask = 2147483647;
			files = (
				D0818FCF1DBE49B0002D3DB1 /* HotAndNewViewController.swift in Sources */,
				D0EF9A651DD567110060A67B /* forumArticleController.swift in Sources */,
				D07040031DE1BAD7005F2FC1 /* CreateArticleController.swift in Sources */,
				D0EF9A611DD55B0D0060A67B /* forumArticleCell.swift in Sources */,
				D00D30241DD997AA00275ADC /* SecectImageController.swift in Sources */,
				D0818FCD1DBE49B0002D3DB1 /* AppDelegate.swift in Sources */,
				D0DE33151DCEF44E00A3D126 /* hotSiteCell.swift in Sources */,
				D0EF9A6A1DD6F1C90060A67B /* FindMeatCameraController.swift in Sources */,
				D0592BEE1DDAFB5200D3CEF6 /* NoMeatPageController.swift in Sources */,
				D025D65F1DD4B65300025F27 /* forumListCell.swift in Sources */,
				D025D6641DD4BAC500025F27 /* forumListController.swift in Sources */,
				D0EF9A631DD55B720060A67B /* forumArticleCommentCell.swift in Sources */,
				D02AA1621DD0CAE400BF1B09 /* newSiteCell.swift in Sources */,
			);
			runOnlyForDeploymentPostprocessing = 0;
		};
/* End PBXSourcesBuildPhase section */

/* Begin PBXVariantGroup section */
		D0818FD01DBE49B0002D3DB1 /* Main.storyboard */ = {
			isa = PBXVariantGroup;
			children = (
				D0818FD11DBE49B0002D3DB1 /* Base */,
			);
			name = Main.storyboard;
			sourceTree = "<group>";
		};
		D0818FD51DBE49B0002D3DB1 /* LaunchScreen.storyboard */ = {
			isa = PBXVariantGroup;
			children = (
				D0818FD61DBE49B0002D3DB1 /* Base */,
			);
			name = LaunchScreen.storyboard;
			sourceTree = "<group>";
		};
/* End PBXVariantGroup section */

/* Begin XCBuildConfiguration section */
		D0818FD91DBE49B0002D3DB1 /* Debug */ = {
			isa = XCBuildConfiguration;
			buildSettings = {
				ALWAYS_SEARCH_USER_PATHS = NO;
				CLANG_ANALYZER_NONNULL = YES;
				CLANG_CXX_LANGUAGE_STANDARD = "gnu++0x";
				CLANG_CXX_LIBRARY = "libc++";
				CLANG_ENABLE_MODULES = YES;
				CLANG_ENABLE_OBJC_ARC = YES;
				CLANG_WARN_BOOL_CONVERSION = YES;
				CLANG_WARN_CONSTANT_CONVERSION = YES;
				CLANG_WARN_DIRECT_OBJC_ISA_USAGE = YES_ERROR;
				CLANG_WARN_DOCUMENTATION_COMMENTS = YES;
				CLANG_WARN_EMPTY_BODY = YES;
				CLANG_WARN_ENUM_CONVERSION = YES;
				CLANG_WARN_INFINITE_RECURSION = YES;
				CLANG_WARN_INT_CONVERSION = YES;
				CLANG_WARN_OBJC_ROOT_CLASS = YES_ERROR;
				CLANG_WARN_SUSPICIOUS_MOVE = YES;
				CLANG_WARN_SUSPICIOUS_MOVES = YES;
				CLANG_WARN_UNREACHABLE_CODE = YES;
				CLANG_WARN__DUPLICATE_METHOD_MATCH = YES;
				"CODE_SIGN_IDENTITY[sdk=iphoneos*]" = "iPhone Developer";
				COPY_PHASE_STRIP = NO;
				DEBUG_INFORMATION_FORMAT = dwarf;
				ENABLE_STRICT_OBJC_MSGSEND = YES;
				ENABLE_TESTABILITY = YES;
				GCC_C_LANGUAGE_STANDARD = gnu99;
				GCC_DYNAMIC_NO_PIC = NO;
				GCC_NO_COMMON_BLOCKS = YES;
				GCC_OPTIMIZATION_LEVEL = 0;
				GCC_PREPROCESSOR_DEFINITIONS = (
					"DEBUG=1",
					"$(inherited)",
				);
				GCC_WARN_64_TO_32_BIT_CONVERSION = YES;
				GCC_WARN_ABOUT_RETURN_TYPE = YES_ERROR;
				GCC_WARN_UNDECLARED_SELECTOR = YES;
				GCC_WARN_UNINITIALIZED_AUTOS = YES_AGGRESSIVE;
				GCC_WARN_UNUSED_FUNCTION = YES;
				GCC_WARN_UNUSED_VARIABLE = YES;
				IPHONEOS_DEPLOYMENT_TARGET = 9.1;
				MTL_ENABLE_DEBUG_INFO = YES;
				ONLY_ACTIVE_ARCH = YES;
				SDKROOT = iphoneos;
				SWIFT_ACTIVE_COMPILATION_CONDITIONS = DEBUG;
				SWIFT_OPTIMIZATION_LEVEL = "-Onone";
				TARGETED_DEVICE_FAMILY = "1,2";
			};
			name = Debug;
		};
		D0818FDA1DBE49B0002D3DB1 /* Release */ = {
			isa = XCBuildConfiguration;
			buildSettings = {
				ALWAYS_SEARCH_USER_PATHS = NO;
				CLANG_ANALYZER_NONNULL = YES;
				CLANG_CXX_LANGUAGE_STANDARD = "gnu++0x";
				CLANG_CXX_LIBRARY = "libc++";
				CLANG_ENABLE_MODULES = YES;
				CLANG_ENABLE_OBJC_ARC = YES;
				CLANG_WARN_BOOL_CONVERSION = YES;
				CLANG_WARN_CONSTANT_CONVERSION = YES;
				CLANG_WARN_DIRECT_OBJC_ISA_USAGE = YES_ERROR;
				CLANG_WARN_DOCUMENTATION_COMMENTS = YES;
				CLANG_WARN_EMPTY_BODY = YES;
				CLANG_WARN_ENUM_CONVERSION = YES;
				CLANG_WARN_INFINITE_RECURSION = YES;
				CLANG_WARN_INT_CONVERSION = YES;
				CLANG_WARN_OBJC_ROOT_CLASS = YES_ERROR;
				CLANG_WARN_SUSPICIOUS_MOVE = YES;
				CLANG_WARN_SUSPICIOUS_MOVES = YES;
				CLANG_WARN_UNREACHABLE_CODE = YES;
				CLANG_WARN__DUPLICATE_METHOD_MATCH = YES;
				"CODE_SIGN_IDENTITY[sdk=iphoneos*]" = "iPhone Developer";
				COPY_PHASE_STRIP = NO;
				DEBUG_INFORMATION_FORMAT = "dwarf-with-dsym";
				ENABLE_NS_ASSERTIONS = NO;
				ENABLE_STRICT_OBJC_MSGSEND = YES;
				GCC_C_LANGUAGE_STANDARD = gnu99;
				GCC_NO_COMMON_BLOCKS = YES;
				GCC_WARN_64_TO_32_BIT_CONVERSION = YES;
				GCC_WARN_ABOUT_RETURN_TYPE = YES_ERROR;
				GCC_WARN_UNDECLARED_SELECTOR = YES;
				GCC_WARN_UNINITIALIZED_AUTOS = YES_AGGRESSIVE;
				GCC_WARN_UNUSED_FUNCTION = YES;
				GCC_WARN_UNUSED_VARIABLE = YES;
				IPHONEOS_DEPLOYMENT_TARGET = 9.1;
				MTL_ENABLE_DEBUG_INFO = NO;
				SDKROOT = iphoneos;
				SWIFT_OPTIMIZATION_LEVEL = "-Owholemodule";
				TARGETED_DEVICE_FAMILY = "1,2";
				VALIDATE_PRODUCT = YES;
			};
			name = Release;
		};
		D0818FDC1DBE49B0002D3DB1 /* Debug */ = {
			isa = XCBuildConfiguration;
			baseConfigurationReference = 94D0D0397DAE8F1E13D6FDC0 /* Pods-meatme.debug.xcconfig */;
			buildSettings = {
				ALWAYS_EMBED_SWIFT_STANDARD_LIBRARIES = YES;
				ASSETCATALOG_COMPILER_APPICON_NAME = AppIcon;
				DEVELOPMENT_TEAM = 8H7X36TF25;
				INFOPLIST_FILE = meatme/Info.plist;
				IPHONEOS_DEPLOYMENT_TARGET = 10.0;
				LD_RUNPATH_SEARCH_PATHS = "$(inherited) @executable_path/Frameworks";
				PRODUCT_BUNDLE_IDENTIFIER = co.alphacamp.meatme;
				PRODUCT_NAME = "$(TARGET_NAME)";
				SWIFT_VERSION = 3.0;
				TARGETED_DEVICE_FAMILY = "1,2";
			};
			name = Debug;
		};
		D0818FDD1DBE49B0002D3DB1 /* Release */ = {
			isa = XCBuildConfiguration;
			baseConfigurationReference = 8DC04463B6985A398ECDE9AF /* Pods-meatme.release.xcconfig */;
			buildSettings = {
				ALWAYS_EMBED_SWIFT_STANDARD_LIBRARIES = YES;
				ASSETCATALOG_COMPILER_APPICON_NAME = AppIcon;
				DEVELOPMENT_TEAM = 8H7X36TF25;
				INFOPLIST_FILE = meatme/Info.plist;
				IPHONEOS_DEPLOYMENT_TARGET = 10.0;
				LD_RUNPATH_SEARCH_PATHS = "$(inherited) @executable_path/Frameworks";
				PRODUCT_BUNDLE_IDENTIFIER = co.alphacamp.meatme;
				PRODUCT_NAME = "$(TARGET_NAME)";
				SWIFT_VERSION = 3.0;
				TARGETED_DEVICE_FAMILY = "1,2";
			};
			name = Release;
		};
/* End XCBuildConfiguration section */

/* Begin XCConfigurationList section */
		D0818FC41DBE49B0002D3DB1 /* Build configuration list for PBXProject "meatme" */ = {
			isa = XCConfigurationList;
			buildConfigurations = (
				D0818FD91DBE49B0002D3DB1 /* Debug */,
				D0818FDA1DBE49B0002D3DB1 /* Release */,
			);
			defaultConfigurationIsVisible = 0;
			defaultConfigurationName = Release;
		};
		D0818FDB1DBE49B0002D3DB1 /* Build configuration list for PBXNativeTarget "meatme" */ = {
			isa = XCConfigurationList;
			buildConfigurations = (
				D0818FDC1DBE49B0002D3DB1 /* Debug */,
				D0818FDD1DBE49B0002D3DB1 /* Release */,
			);
			defaultConfigurationIsVisible = 0;
			defaultConfigurationName = Release;
		};
/* End XCConfigurationList section */
	};
	rootObject = D0818FC11DBE49B0002D3DB1 /* Project object */;
}
